
Microsoft Visual Studio Solution File, Format Version 12.00
# Visual Studio Version 17
VisualStudioVersion = 17.5.33627.172
MinimumVisualStudioVersion = 10.0.40219.1
Project("{FAE04EC0-301F-11D3-BF4B-00C04F79EFBC}") = "PW3Parcial2ObraDeArte.web", "PW3Parcial2ObraDeArte.web\PW3Parcial2ObraDeArte.web.csproj", "{AA470391-2CD9-4BBF-874E-E3412093B556}"
EndProject
Project("{FAE04EC0-301F-11D3-BF4B-00C04F79EFBC}") = "PW3Parcial2ObraDeArte.Data", "PW3Parcial2ObraDeArte.Data\PW3Parcial2ObraDeArte.Data.csproj", "{D327B522-7A72-4FF8-ADD8-C1913AB5BADF}"
EndProject
Project("{FAE04EC0-301F-11D3-BF4B-00C04F79EFBC}") = "PW3Parcial2ObraDeArte.Servicio", "PW3Parcial2ObraDeArte.Servicio\PW3Parcial2ObraDeArte.Servicio.csproj", "{324FE376-030C-4FF4-989C-8298452B7C55}"
EndProject
Global
	GlobalSection(SolutionConfigurationPlatforms) = preSolution
		Debug|Any CPU = Debug|Any CPU
		Release|Any CPU = Release|Any CPU
	EndGlobalSection
	GlobalSection(ProjectConfigurationPlatforms) = postSolution
		{AA470391-2CD9-4BBF-874E-E3412093B556}.Debug|Any CPU.ActiveCfg = Debug|Any CPU
		{AA470391-2CD9-4BBF-874E-E3412093B556}.Debug|Any CPU.Build.0 = Debug|Any CPU
		{AA470391-2CD9-4BBF-874E-E3412093B556}.Release|Any CPU.ActiveCfg = Release|Any CPU
		{AA470391-2CD9-4BBF-874E-E3412093B556}.Release|Any CPU.Build.0 = Release|Any CPU
		{D327B522-7A72-4FF8-ADD8-C1913AB5BADF}.Debug|Any CPU.ActiveCfg = Debug|Any CPU
		{D327B522-7A72-4FF8-ADD8-C1913AB5BADF}.Debug|Any CPU.Build.0 = Debug|Any CPU
		{D327B522-7A72-4FF8-ADD8-C1913AB5BADF}.Release|Any CPU.ActiveCfg = Release|Any CPU
		{D327B522-7A72-4FF8-ADD8-C1913AB5BADF}.Release|Any CPU.Build.0 = Release|Any CPU
		{324FE376-030C-4FF4-989C-8298452B7C55}.Debug|Any CPU.ActiveCfg = Debug|Any CPU
		{324FE376-030C-4FF4-989C-8298452B7C55}.Debug|Any CPU.Build.0 = Debug|Any CPU
		{324FE376-030C-4FF4-989C-8298452B7C55}.Release|Any CPU.ActiveCfg = Release|Any CPU
		{324FE376-030C-4FF4-989C-8298452B7C55}.Release|Any CPU.Build.0 = Release|Any CPU
	EndGlobalSection
	GlobalSection(SolutionProperties) = preSolution
		HideSolutionNode = FALSE
	EndGlobalSection
	GlobalSection(ExtensibilityGlobals) = postSolution
		SolutionGuid = {A05A3768-D38A-4F0C-A9A6-06E10380073F}
	EndGlobalSection
EndGlobal
