
Microsoft Visual Studio Solution File, Format Version 12.00
# Visual Studio Version 17
VisualStudioVersion = 17.5.33627.172
MinimumVisualStudioVersion = 10.0.40219.1
Project("{FAE04EC0-301F-11D3-BF4B-00C04F79EFBC}") = "SistemaDeCadenasAlimenticias.Web", "SistemaDeCadenasAlimenticias.Web\SistemaDeCadenasAlimenticias.Web.csproj", "{1CFD1D21-A944-4D35-A649-B9646637A389}"
EndProject
Project("{FAE04EC0-301F-11D3-BF4B-00C04F79EFBC}") = "SistemaDeCadenasAlimenticias.Data", "SistemaDeCadenasAlimenticias.Data\SistemaDeCadenasAlimenticias.Data.csproj", "{492E29D9-751F-4EFE-94C6-CF94882CFF03}"
EndProject
Global
	GlobalSection(SolutionConfigurationPlatforms) = preSolution
		Debug|Any CPU = Debug|Any CPU
		Release|Any CPU = Release|Any CPU
	EndGlobalSection
	GlobalSection(ProjectConfigurationPlatforms) = postSolution
		{1CFD1D21-A944-4D35-A649-B9646637A389}.Debug|Any CPU.ActiveCfg = Debug|Any CPU
		{1CFD1D21-A944-4D35-A649-B9646637A389}.Debug|Any CPU.Build.0 = Debug|Any CPU
		{1CFD1D21-A944-4D35-A649-B9646637A389}.Release|Any CPU.ActiveCfg = Release|Any CPU
		{1CFD1D21-A944-4D35-A649-B9646637A389}.Release|Any CPU.Build.0 = Release|Any CPU
		{492E29D9-751F-4EFE-94C6-CF94882CFF03}.Debug|Any CPU.ActiveCfg = Debug|Any CPU
		{492E29D9-751F-4EFE-94C6-CF94882CFF03}.Debug|Any CPU.Build.0 = Debug|Any CPU
		{492E29D9-751F-4EFE-94C6-CF94882CFF03}.Release|Any CPU.ActiveCfg = Release|Any CPU
		{492E29D9-751F-4EFE-94C6-CF94882CFF03}.Release|Any CPU.Build.0 = Release|Any CPU
	EndGlobalSection
	GlobalSection(SolutionProperties) = preSolution
		HideSolutionNode = FALSE
	EndGlobalSection
	GlobalSection(ExtensibilityGlobals) = postSolution
		SolutionGuid = {AC528831-5BE4-4E26-952D-3E96EC5CB51E}
	EndGlobalSection
EndGlobal
